// !$*UTF8*$!
{
	archiveVersion = 1;
	classes = {
	};
	objectVersion = 50;
	objects = {

/* Begin PBXBuildFile section */
		425C66E521BBBD1F00B85F01 /* AppDelegate.swift in Sources */ = {isa = PBXBuildFile; fileRef = 425C66E421BBBD1F00B85F01 /* AppDelegate.swift */; };
		425C66E721BBBD1F00B85F01 /* ViewController.swift in Sources */ = {isa = PBXBuildFile; fileRef = 425C66E621BBBD1F00B85F01 /* ViewController.swift */; };
		425C66EA21BBBD1F00B85F01 /* Main.storyboard in Resources */ = {isa = PBXBuildFile; fileRef = 425C66E821BBBD1F00B85F01 /* Main.storyboard */; };
		425C66ED21BBBD1F00B85F01 /* CitiesOfCountry.xcdatamodeld in Sources */ = {isa = PBXBuildFile; fileRef = 425C66EB21BBBD1F00B85F01 /* CitiesOfCountry.xcdatamodeld */; };
		425C66EF21BBBD2400B85F01 /* Assets.xcassets in Resources */ = {isa = PBXBuildFile; fileRef = 425C66EE21BBBD2400B85F01 /* Assets.xcassets */; };
		425C66F221BBBD2400B85F01 /* LaunchScreen.storyboard in Resources */ = {isa = PBXBuildFile; fileRef = 425C66F021BBBD2400B85F01 /* LaunchScreen.storyboard */; };
		425C66FA21BBBD4B00B85F01 /* HelpfulFile.swift in Sources */ = {isa = PBXBuildFile; fileRef = 425C66F921BBBD4B00B85F01 /* HelpfulFile.swift */; };
		425C66FC21BBBD9100B85F01 /* APIManager.swift in Sources */ = {isa = PBXBuildFile; fileRef = 425C66FB21BBBD9100B85F01 /* APIManager.swift */; };
		425C66FE21BBD8BA00B85F01 /* CoreDataStack.swift in Sources */ = {isa = PBXBuildFile; fileRef = 425C66FD21BBD8BA00B85F01 /* CoreDataStack.swift */; };
		425C670021BC263100B85F01 /* CitiesTableViewController.swift in Sources */ = {isa = PBXBuildFile; fileRef = 425C66FF21BC263100B85F01 /* CitiesTableViewController.swift */; };
		425C671321BD213B00B85F01 /* OneCityViewController.swift in Sources */ = {isa = PBXBuildFile; fileRef = 425C671221BD213A00B85F01 /* OneCityViewController.swift */; };
		425C671721BD639D00B85F01 /* DataSourseForVC.swift in Sources */ = {isa = PBXBuildFile; fileRef = 425C671621BD639D00B85F01 /* DataSourseForVC.swift */; };
		425C671921BD647D00B85F01 /* TbDelegateForVC.swift in Sources */ = {isa = PBXBuildFile; fileRef = 425C671821BD647D00B85F01 /* TbDelegateForVC.swift */; };
		425C674021BE4AC900B85F01 /* GeneralTableViewCell.swift in Sources */ = {isa = PBXBuildFile; fileRef = 425C673F21BE4AC900B85F01 /* GeneralTableViewCell.swift */; };
		425C674221BE59C900B85F01 /* APIManager_2.swift in Sources */ = {isa = PBXBuildFile; fileRef = 425C674121BE59C800B85F01 /* APIManager_2.swift */; };
/* End PBXBuildFile section */

/* Begin PBXFileReference section */
		425C66E121BBBD1F00B85F01 /* CitiesOfCountry.app */ = {isa = PBXFileReference; explicitFileType = wrapper.application; includeInIndex = 0; path = CitiesOfCountry.app; sourceTree = BUILT_PRODUCTS_DIR; };
		425C66E421BBBD1F00B85F01 /* AppDelegate.swift */ = {isa = PBXFileReference; lastKnownFileType = sourcecode.swift; path = AppDelegate.swift; sourceTree = "<group>"; };
		425C66E621BBBD1F00B85F01 /* ViewController.swift */ = {isa = PBXFileReference; lastKnownFileType = sourcecode.swift; path = ViewController.swift; sourceTree = "<group>"; };
		425C66E921BBBD1F00B85F01 /* Base */ = {isa = PBXFileReference; lastKnownFileType = file.storyboard; name = Base; path = Base.lproj/Main.storyboard; sourceTree = "<group>"; };
		425C66EC21BBBD1F00B85F01 /* CitiesOfCountry.xcdatamodel */ = {isa = PBXFileReference; lastKnownFileType = wrapper.xcdatamodel; path = CitiesOfCountry.xcdatamodel; sourceTree = "<group>"; };
		425C66EE21BBBD2400B85F01 /* Assets.xcassets */ = {isa = PBXFileReference; lastKnownFileType = folder.assetcatalog; path = Assets.xcassets; sourceTree = "<group>"; };
		425C66F121BBBD2400B85F01 /* Base */ = {isa = PBXFileReference; lastKnownFileType = file.storyboard; name = Base; path = Base.lproj/LaunchScreen.storyboard; sourceTree = "<group>"; };
		425C66F321BBBD2400B85F01 /* Info.plist */ = {isa = PBXFileReference; lastKnownFileType = text.plist.xml; path = Info.plist; sourceTree = "<group>"; };
		425C66F921BBBD4B00B85F01 /* HelpfulFile.swift */ = {isa = PBXFileReference; lastKnownFileType = sourcecode.swift; path = HelpfulFile.swift; sourceTree = "<group>"; };
		425C66FB21BBBD9100B85F01 /* APIManager.swift */ = {isa = PBXFileReference; lastKnownFileType = sourcecode.swift; path = APIManager.swift; sourceTree = "<group>"; };
		425C66FD21BBD8BA00B85F01 /* CoreDataStack.swift */ = {isa = PBXFileReference; lastKnownFileType = sourcecode.swift; path = CoreDataStack.swift; sourceTree = "<group>"; };
		425C66FF21BC263100B85F01 /* CitiesTableViewController.swift */ = {isa = PBXFileReference; lastKnownFileType = sourcecode.swift; path = CitiesTableViewController.swift; sourceTree = "<group>"; };
		425C671221BD213A00B85F01 /* OneCityViewController.swift */ = {isa = PBXFileReference; lastKnownFileType = sourcecode.swift; path = OneCityViewController.swift; sourceTree = "<group>"; };
		425C671621BD639D00B85F01 /* DataSourseForVC.swift */ = {isa = PBXFileReference; lastKnownFileType = sourcecode.swift; path = DataSourseForVC.swift; sourceTree = "<group>"; };
		425C671821BD647D00B85F01 /* TbDelegateForVC.swift */ = {isa = PBXFileReference; lastKnownFileType = sourcecode.swift; path = TbDelegateForVC.swift; sourceTree = "<group>"; };
		425C673F21BE4AC900B85F01 /* GeneralTableViewCell.swift */ = {isa = PBXFileReference; lastKnownFileType = sourcecode.swift; path = GeneralTableViewCell.swift; sourceTree = "<group>"; };
		425C674121BE59C800B85F01 /* APIManager_2.swift */ = {isa = PBXFileReference; lastKnownFileType = sourcecode.swift; path = APIManager_2.swift; sourceTree = "<group>"; };
/* End PBXFileReference section */

/* Begin PBXFrameworksBuildPhase section */
		425C66DE21BBBD1F00B85F01 /* Frameworks */ = {
			isa = PBXFrameworksBuildPhase;
			buildActionMask = 2147483647;
			files = (
			);
			runOnlyForDeploymentPostprocessing = 0;
		};
/* End PBXFrameworksBuildPhase section */

/* Begin PBXGroup section */
		425C66D821BBBD1F00B85F01 = {
			isa = PBXGroup;
			children = (
				425C66E321BBBD1F00B85F01 /* CitiesOfCountry */,
				425C66E221BBBD1F00B85F01 /* Products */,
			);
			sourceTree = "<group>";
		};
		425C66E221BBBD1F00B85F01 /* Products */ = {
			isa = PBXGroup;
			children = (
				425C66E121BBBD1F00B85F01 /* CitiesOfCountry.app */,
			);
			name = Products;
			sourceTree = "<group>";
		};
		425C66E321BBBD1F00B85F01 /* CitiesOfCountry */ = {
			isa = PBXGroup;
			children = (
				425C674421BE5A6700B85F01 /* Model */,
				425C674521BE5A7200B85F01 /* View */,
				425C671421BD573600B85F01 /* Controller */,
				425C66E421BBBD1F00B85F01 /* AppDelegate.swift */,
				425C66E821BBBD1F00B85F01 /* Main.storyboard */,
				425C66EE21BBBD2400B85F01 /* Assets.xcassets */,
				425C66F021BBBD2400B85F01 /* LaunchScreen.storyboard */,
				425C66F321BBBD2400B85F01 /* Info.plist */,
				425C66EB21BBBD1F00B85F01 /* CitiesOfCountry.xcdatamodeld */,
			);
			path = CitiesOfCountry;
			sourceTree = "<group>";
		};
		425C671421BD573600B85F01 /* Controller */ = {
			isa = PBXGroup;
			children = (
				425C66E621BBBD1F00B85F01 /* ViewController.swift */,
				425C66FF21BC263100B85F01 /* CitiesTableViewController.swift */,
				425C671221BD213A00B85F01 /* OneCityViewController.swift */,
			);
			name = Controller;
			sourceTree = "<group>";
		};
		425C671521BD636100B85F01 /* Extention */ = {
			isa = PBXGroup;
			children = (
				425C671621BD639D00B85F01 /* DataSourseForVC.swift */,
				425C671821BD647D00B85F01 /* TbDelegateForVC.swift */,
			);
			path = Extention;
			sourceTree = "<group>";
		};
		425C674321BE59DE00B85F01 /* API */ = {
			isa = PBXGroup;
			children = (
				425C66FB21BBBD9100B85F01 /* APIManager.swift */,
				425C674121BE59C800B85F01 /* APIManager_2.swift */,
			);
			path = API;
			sourceTree = "<group>";
		};
		425C674421BE5A6700B85F01 /* Model */ = {
			isa = PBXGroup;
			children = (
				425C674321BE59DE00B85F01 /* API */,
				425C66F921BBBD4B00B85F01 /* HelpfulFile.swift */,
				425C66FD21BBD8BA00B85F01 /* CoreDataStack.swift */,
			);
			path = Model;
			sourceTree = "<group>";
		};
		425C674521BE5A7200B85F01 /* View */ = {
			isa = PBXGroup;
			children = (
				425C671521BD636100B85F01 /* Extention */,
				425C673F21BE4AC900B85F01 /* GeneralTableViewCell.swift */,
			);
			path = View;
			sourceTree = "<group>";
		};
/* End PBXGroup section */

/* Begin PBXNativeTarget section */
		425C66E021BBBD1F00B85F01 /* CitiesOfCountry */ = {
			isa = PBXNativeTarget;
			buildConfigurationList = 425C66F621BBBD2400B85F01 /* Build configuration list for PBXNativeTarget "CitiesOfCountry" */;
			buildPhases = (
				425C66DD21BBBD1F00B85F01 /* Sources */,
				425C66DE21BBBD1F00B85F01 /* Frameworks */,
				425C66DF21BBBD1F00B85F01 /* Resources */,
			);
			buildRules = (
			);
			dependencies = (
			);
			name = CitiesOfCountry;
			productName = CitiesOfCountry;
			productReference = 425C66E121BBBD1F00B85F01 /* CitiesOfCountry.app */;
			productType = "com.apple.product-type.application";
		};
/* End PBXNativeTarget section */

/* Begin PBXProject section */
		425C66D921BBBD1F00B85F01 /* Project object */ = {
			isa = PBXProject;
			attributes = {
				LastSwiftUpdateCheck = 1010;
				LastUpgradeCheck = 1010;
				ORGANIZATIONNAME = "Taras Chernysh";
				TargetAttributes = {
					425C66E021BBBD1F00B85F01 = {
						CreatedOnToolsVersion = 10.1;
					};
				};
			};
			buildConfigurationList = 425C66DC21BBBD1F00B85F01 /* Build configuration list for PBXProject "CitiesOfCountry" */;
			compatibilityVersion = "Xcode 9.3";
			developmentRegion = en;
			hasScannedForEncodings = 0;
			knownRegions = (
				en,
				Base,
			);
			mainGroup = 425C66D821BBBD1F00B85F01;
			productRefGroup = 425C66E221BBBD1F00B85F01 /* Products */;
			projectDirPath = "";
			projectRoot = "";
			targets = (
				425C66E021BBBD1F00B85F01 /* CitiesOfCountry */,
			);
		};
/* End PBXProject section */

/* Begin PBXResourcesBuildPhase section */
		425C66DF21BBBD1F00B85F01 /* Resources */ = {
			isa = PBXResourcesBuildPhase;
			buildActionMask = 2147483647;
			files = (
				425C66F221BBBD2400B85F01 /* LaunchScreen.storyboard in Resources */,
				425C66EF21BBBD2400B85F01 /* Assets.xcassets in Resources */,
				425C66EA21BBBD1F00B85F01 /* Main.storyboard in Resources */,
			);
			runOnlyForDeploymentPostprocessing = 0;
		};
/* End PBXResourcesBuildPhase section */

/* Begin PBXSourcesBuildPhase section */
		425C66DD21BBBD1F00B85F01 /* Sources */ = {
			isa = PBXSourcesBuildPhase;
			buildActionMask = 2147483647;
			files = (
				425C671721BD639D00B85F01 /* DataSourseForVC.swift in Sources */,
				425C671321BD213B00B85F01 /* OneCityViewController.swift in Sources */,
				425C66FA21BBBD4B00B85F01 /* HelpfulFile.swift in Sources */,
				425C674021BE4AC900B85F01 /* GeneralTableViewCell.swift in Sources */,
				425C66E721BBBD1F00B85F01 /* ViewController.swift in Sources */,
				425C66FC21BBBD9100B85F01 /* APIManager.swift in Sources */,
				425C66FE21BBD8BA00B85F01 /* CoreDataStack.swift in Sources */,
				425C674221BE59C900B85F01 /* APIManager_2.swift in Sources */,
				425C670021BC263100B85F01 /* CitiesTableViewController.swift in Sources */,
				425C66ED21BBBD1F00B85F01 /* CitiesOfCountry.xcdatamodeld in Sources */,
				425C66E521BBBD1F00B85F01 /* AppDelegate.swift in Sources */,
				425C671921BD647D00B85F01 /* TbDelegateForVC.swift in Sources */,
			);
			runOnlyForDeploymentPostprocessing = 0;
		};
/* End PBXSourcesBuildPhase section */

/* Begin PBXVariantGroup section */
		425C66E821BBBD1F00B85F01 /* Main.storyboard */ = {
			isa = PBXVariantGroup;
			children = (
				425C66E921BBBD1F00B85F01 /* Base */,
			);
			name = Main.storyboard;
			sourceTree = "<group>";
		};
		425C66F021BBBD2400B85F01 /* LaunchScreen.storyboard */ = {
			isa = PBXVariantGroup;
			children = (
				425C66F121BBBD2400B85F01 /* Base */,
			);
			name = LaunchScreen.storyboard;
			sourceTree = "<group>";
		};
/* End PBXVariantGroup section */

/* Begin XCBuildConfiguration section */
		425C66F421BBBD2400B85F01 /* Debug */ = {
			isa = XCBuildConfiguration;
			buildSettings = {
				ALWAYS_SEARCH_USER_PATHS = NO;
				CLANG_ANALYZER_NONNULL = YES;
				CLANG_ANALYZER_NUMBER_OBJECT_CONVERSION = YES_AGGRESSIVE;
				CLANG_CXX_LANGUAGE_STANDARD = "gnu++14";
				CLANG_CXX_LIBRARY = "libc++";
				CLANG_ENABLE_MODULES = YES;
				CLANG_ENABLE_OBJC_ARC = YES;
				CLANG_ENABLE_OBJC_WEAK = YES;
				CLANG_WARN_BLOCK_CAPTURE_AUTORELEASING = YES;
				CLANG_WARN_BOOL_CONVERSION = YES;
				CLANG_WARN_COMMA = YES;
				CLANG_WARN_CONSTANT_CONVERSION = YES;
				CLANG_WARN_DEPRECATED_OBJC_IMPLEMENTATIONS = YES;
				CLANG_WARN_DIRECT_OBJC_ISA_USAGE = YES_ERROR;
				CLANG_WARN_DOCUMENTATION_COMMENTS = YES;
				CLANG_WARN_EMPTY_BODY = YES;
				CLANG_WARN_ENUM_CONVERSION = YES;
				CLANG_WARN_INFINITE_RECURSION = YES;
				CLANG_WARN_INT_CONVERSION = YES;
				CLANG_WARN_NON_LITERAL_NULL_CONVERSION = YES;
				CLANG_WARN_OBJC_IMPLICIT_RETAIN_SELF = YES;
				CLANG_WARN_OBJC_LITERAL_CONVERSION = YES;
				CLANG_WARN_OBJC_ROOT_CLASS = YES_ERROR;
				CLANG_WARN_RANGE_LOOP_ANALYSIS = YES;
				CLANG_WARN_STRICT_PROTOTYPES = YES;
				CLANG_WARN_SUSPICIOUS_MOVE = YES;
				CLANG_WARN_UNGUARDED_AVAILABILITY = YES_AGGRESSIVE;
				CLANG_WARN_UNREACHABLE_CODE = YES;
				CLANG_WARN__DUPLICATE_METHOD_MATCH = YES;
				CODE_SIGN_IDENTITY = "iPhone Developer";
				COPY_PHASE_STRIP = NO;
				DEBUG_INFORMATION_FORMAT = dwarf;
				ENABLE_STRICT_OBJC_MSGSEND = YES;
				ENABLE_TESTABILITY = YES;
				GCC_C_LANGUAGE_STANDARD = gnu11;
				GCC_DYNAMIC_NO_PIC = NO;
				GCC_NO_COMMON_BLOCKS = YES;
				GCC_OPTIMIZATION_LEVEL = 0;
				GCC_PREPROCESSOR_DEFINITIONS = (
					"DEBUG=1",
					"$(inherited)",
				);
				GCC_WARN_64_TO_32_BIT_CONVERSION = YES;
				GCC_WARN_ABOUT_RETURN_TYPE = YES_ERROR;
				GCC_WARN_UNDECLARED_SELECTOR = YES;
				GCC_WARN_UNINITIALIZED_AUTOS = YES_AGGRESSIVE;
				GCC_WARN_UNUSED_FUNCTION = YES;
				GCC_WARN_UNUSED_VARIABLE = YES;
				IPHONEOS_DEPLOYMENT_TARGET = 12.1;
				MTL_ENABLE_DEBUG_INFO = INCLUDE_SOURCE;
				MTL_FAST_MATH = YES;
				ONLY_ACTIVE_ARCH = YES;
				SDKROOT = iphoneos;
				SWIFT_ACTIVE_COMPILATION_CONDITIONS = DEBUG;
				SWIFT_OPTIMIZATION_LEVEL = "-Onone";
			};
			name = Debug;
		};
		425C66F521BBBD2400B85F01 /* Release */ = {
			isa = XCBuildConfiguration;
			buildSettings = {
				ALWAYS_SEARCH_USER_PATHS = NO;
				CLANG_ANALYZER_NONNULL = YES;
				CLANG_ANALYZER_NUMBER_OBJECT_CONVERSION = YES_AGGRESSIVE;
				CLANG_CXX_LANGUAGE_STANDARD = "gnu++14";
				CLANG_CXX_LIBRARY = "libc++";
				CLANG_ENABLE_MODULES = YES;
				CLANG_ENABLE_OBJC_ARC = YES;
				CLANG_ENABLE_OBJC_WEAK = YES;
				CLANG_WARN_BLOCK_CAPTURE_AUTORELEASING = YES;
				CLANG_WARN_BOOL_CONVERSION = YES;
				CLANG_WARN_COMMA = YES;
				CLANG_WARN_CONSTANT_CONVERSION = YES;
				CLANG_WARN_DEPRECATED_OBJC_IMPLEMENTATIONS = YES;
				CLANG_WARN_DIRECT_OBJC_ISA_USAGE = YES_ERROR;
				CLANG_WARN_DOCUMENTATION_COMMENTS = YES;
				CLANG_WARN_EMPTY_BODY = YES;
				CLANG_WARN_ENUM_CONVERSION = YES;
				CLANG_WARN_INFINITE_RECURSION = YES;
				CLANG_WARN_INT_CONVERSION = YES;
				CLANG_WARN_NON_LITERAL_NULL_CONVERSION = YES;
				CLANG_WARN_OBJC_IMPLICIT_RETAIN_SELF = YES;
				CLANG_WARN_OBJC_LITERAL_CONVERSION = YES;
				CLANG_WARN_OBJC_ROOT_CLASS = YES_ERROR;
				CLANG_WARN_RANGE_LOOP_ANALYSIS = YES;
				CLANG_WARN_STRICT_PROTOTYPES = YES;
				CLANG_WARN_SUSPICIOUS_MOVE = YES;
				CLANG_WARN_UNGUARDED_AVAILABILITY = YES_AGGRESSIVE;
				CLANG_WARN_UNREACHABLE_CODE = YES;
				CLANG_WARN__DUPLICATE_METHOD_MATCH = YES;
				CODE_SIGN_IDENTITY = "iPhone Developer";
				COPY_PHASE_STRIP = NO;
				DEBUG_INFORMATION_FORMAT = "dwarf-with-dsym";
				ENABLE_NS_ASSERTIONS = NO;
				ENABLE_STRICT_OBJC_MSGSEND = YES;
				GCC_C_LANGUAGE_STANDARD = gnu11;
				GCC_NO_COMMON_BLOCKS = YES;
				GCC_WARN_64_TO_32_BIT_CONVERSION = YES;
				GCC_WARN_ABOUT_RETURN_TYPE = YES_ERROR;
				GCC_WARN_UNDECLARED_SELECTOR = YES;
				GCC_WARN_UNINITIALIZED_AUTOS = YES_AGGRESSIVE;
				GCC_WARN_UNUSED_FUNCTION = YES;
				GCC_WARN_UNUSED_VARIABLE = YES;
				IPHONEOS_DEPLOYMENT_TARGET = 12.1;
				MTL_ENABLE_DEBUG_INFO = NO;
				MTL_FAST_MATH = YES;
				SDKROOT = iphoneos;
				SWIFT_COMPILATION_MODE = wholemodule;
				SWIFT_OPTIMIZATION_LEVEL = "-O";
				VALIDATE_PRODUCT = YES;
			};
			name = Release;
		};
		425C66F721BBBD2400B85F01 /* Debug */ = {
			isa = XCBuildConfiguration;
			buildSettings = {
				ASSETCATALOG_COMPILER_APPICON_NAME = AppIcon;
				CODE_SIGN_STYLE = Automatic;
				INFOPLIST_FILE = CitiesOfCountry/Info.plist;
				LD_RUNPATH_SEARCH_PATHS = (
					"$(inherited)",
					"@executable_path/Frameworks",
				);
				PRODUCT_BUNDLE_IDENTIFIER = com.taraschernysh.CitiesOfCountry;
				PRODUCT_NAME = "$(TARGET_NAME)";
				SWIFT_VERSION = 4.2;
				TARGETED_DEVICE_FAMILY = 1;
			};
			name = Debug;
		};
		425C66F821BBBD2400B85F01 /* Release */ = {
			isa = XCBuildConfiguration;
			buildSettings = {
				ASSETCATALOG_COMPILER_APPICON_NAME = AppIcon;
				CODE_SIGN_STYLE = Automatic;
				INFOPLIST_FILE = CitiesOfCountry/Info.plist;
				LD_RUNPATH_SEARCH_PATHS = (
					"$(inherited)",
					"@executable_path/Frameworks",
				);
				PRODUCT_BUNDLE_IDENTIFIER = com.taraschernysh.CitiesOfCountry;
				PRODUCT_NAME = "$(TARGET_NAME)";
				SWIFT_VERSION = 4.2;
				TARGETED_DEVICE_FAMILY = 1;
			};
			name = Release;
		};
/* End XCBuildConfiguration section */

/* Begin XCConfigurationList section */
		425C66DC21BBBD1F00B85F01 /* Build configuration list for PBXProject "CitiesOfCountry" */ = {
			isa = XCConfigurationList;
			buildConfigurations = (
				425C66F421BBBD2400B85F01 /* Debug */,
				425C66F521BBBD2400B85F01 /* Release */,
			);
			defaultConfigurationIsVisible = 0;
			defaultConfigurationName = Release;
		};
		425C66F621BBBD2400B85F01 /* Build configuration list for PBXNativeTarget "CitiesOfCountry" */ = {
			isa = XCConfigurationList;
			buildConfigurations = (
				425C66F721BBBD2400B85F01 /* Debug */,
				425C66F821BBBD2400B85F01 /* Release */,
			);
			defaultConfigurationIsVisible = 0;
			defaultConfigurationName = Release;
		};
/* End XCConfigurationList section */

/* Begin XCVersionGroup section */
		425C66EB21BBBD1F00B85F01 /* CitiesOfCountry.xcdatamodeld */ = {
			isa = XCVersionGroup;
			children = (
				425C66EC21BBBD1F00B85F01 /* CitiesOfCountry.xcdatamodel */,
			);
			currentVersion = 425C66EC21BBBD1F00B85F01 /* CitiesOfCountry.xcdatamodel */;
			path = CitiesOfCountry.xcdatamodeld;
			sourceTree = "<group>";
			versionGroupType = wrapper.xcdatamodel;
		};
/* End XCVersionGroup section */
	};
	rootObject = 425C66D921BBBD1F00B85F01 /* Project object */;
}
